
Microsoft Visual Studio Solution File, Format Version 12.00
# Visual Studio Version 17
VisualStudioVersion = 17.14.36301.6 d17.14
MinimumVisualStudioVersion = 10.0.40219.1
Project("{FAE04EC0-301F-11D3-BF4B-00C04F79EFBC}") = "PRELIM_A2_BSIT31A2_Lorene_Valencia", "PRELIM_A2_BSIT31A2_Lorene_Valencia.csproj", "{CFF75E51-0DE6-4CCD-9113-DDFE17817B67}"
EndProject
Global
	GlobalSection(SolutionConfigurationPlatforms) = preSolution
		Debug|Any CPU = Debug|Any CPU
		Release|Any CPU = Release|Any CPU
	EndGlobalSection
	GlobalSection(ProjectConfigurationPlatforms) = postSolution
		{CFF75E51-0DE6-4CCD-9113-DDFE17817B67}.Debug|Any CPU.ActiveCfg = Debug|Any CPU
		{CFF75E51-0DE6-4CCD-9113-DDFE17817B67}.Debug|Any CPU.Build.0 = Debug|Any CPU
		{CFF75E51-0DE6-4CCD-9113-DDFE17817B67}.Release|Any CPU.ActiveCfg = Release|Any CPU
		{CFF75E51-0DE6-4CCD-9113-DDFE17817B67}.Release|Any CPU.Build.0 = Release|Any CPU
	EndGlobalSection
	GlobalSection(SolutionProperties) = preSolution
		HideSolutionNode = FALSE
	EndGlobalSection
	GlobalSection(ExtensibilityGlobals) = postSolution
		SolutionGuid = {ED8B8A43-C1A7-483E-A01E-A63B2A6188EF}
	EndGlobalSection
EndGlobal
